
Microsoft Visual Studio Solution File, Format Version 12.00
# Visual Studio Version 16
VisualStudioVersion = 16.0.29209.62
MinimumVisualStudioVersion = 10.0.40219.1
Project("{FAE04EC0-301F-11D3-BF4B-00C04F79EFBC}") = "labyrinth", "labyrinth.csproj", "{2F67E141-2C20-4209-9303-00AB696E812C}"
EndProject
Global
	GlobalSection(SolutionConfigurationPlatforms) = preSolution
		Debug|Any CPU = Debug|Any CPU
		Release|Any CPU = Release|Any CPU
	EndGlobalSection
	GlobalSection(ProjectConfigurationPlatforms) = postSolution
		{2F67E141-2C20-4209-9303-00AB696E812C}.Debug|Any CPU.ActiveCfg = Debug|Any CPU
		{2F67E141-2C20-4209-9303-00AB696E812C}.Debug|Any CPU.Build.0 = Debug|Any CPU
		{2F67E141-2C20-4209-9303-00AB696E812C}.Release|Any CPU.ActiveCfg = Release|Any CPU
		{2F67E141-2C20-4209-9303-00AB696E812C}.Release|Any CPU.Build.0 = Release|Any CPU
	EndGlobalSection
	GlobalSection(SolutionProperties) = preSolution
		HideSolutionNode = FALSE
	EndGlobalSection
	GlobalSection(ExtensibilityGlobals) = postSolution
		SolutionGuid = {6ADD3F35-AFA0-4463-BF1D-B4B87C685564}
	EndGlobalSection
EndGlobal
